// !$*UTF8*$!
{
	archiveVersion = 1;
	classes = {
	};
	objectVersion = 56;
	objects = {

/* Begin PBXBuildFile section */
		451CCC8F2A37F89C0067DAE4 /* SwiftExplorerApp.swift in Sources */ = {isa = PBXBuildFile; fileRef = 451CCC8E2A37F89C0067DAE4 /* SwiftExplorerApp.swift */; };
		451CCC912A37F89C0067DAE4 /* SwiftExplorerDocument.swift in Sources */ = {isa = PBXBuildFile; fileRef = 451CCC902A37F89C0067DAE4 /* SwiftExplorerDocument.swift */; };
		451CCC932A37F89C0067DAE4 /* ContentView.swift in Sources */ = {isa = PBXBuildFile; fileRef = 451CCC922A37F89C0067DAE4 /* ContentView.swift */; };
		451CCC952A37F89C0067DAE4 /* Assets.xcassets in Resources */ = {isa = PBXBuildFile; fileRef = 451CCC942A37F89C0067DAE4 /* Assets.xcassets */; };
		451CCC9A2A37F89D0067DAE4 /* Preview Assets.xcassets in Resources */ = {isa = PBXBuildFile; fileRef = 451CCC992A37F89D0067DAE4 /* Preview Assets.xcassets */; };
		451CCCA62A3802F90067DAE4 /* SwiftParser in Frameworks */ = {isa = PBXBuildFile; productRef = 451CCCA52A3802F90067DAE4 /* SwiftParser */; };
		451CCCA82A3802F90067DAE4 /* SwiftSyntax in Frameworks */ = {isa = PBXBuildFile; productRef = 451CCCA72A3802F90067DAE4 /* SwiftSyntax */; };
		451CCCAC2A3803480067DAE4 /* SwiftSyntaxSupport in Frameworks */ = {isa = PBXBuildFile; productRef = 451CCCAB2A3803480067DAE4 /* SwiftSyntaxSupport */; };
		451CCCAF2A3817170067DAE4 /* SwiftExplorerMacros in Frameworks */ = {isa = PBXBuildFile; productRef = 451CCCAE2A3817170067DAE4 /* SwiftExplorerMacros */; };
		45BAF7572A389CDB00898FAE /* Support.swift in Sources */ = {isa = PBXBuildFile; fileRef = 45BAF7562A389CDB00898FAE /* Support.swift */; };
		45BAF7592A389CE800898FAE /* SwiftSyntax+Support.swift in Sources */ = {isa = PBXBuildFile; fileRef = 45BAF7582A389CE800898FAE /* SwiftSyntax+Support.swift */; };
		45BAF75C2A389D9500898FAE /* Everything in Frameworks */ = {isa = PBXBuildFile; productRef = 45BAF75B2A389D9500898FAE /* Everything */; };
/* End PBXBuildFile section */

/* Begin PBXFileReference section */
		451CCC8B2A37F89B0067DAE4 /* SwiftExplorer.app */ = {isa = PBXFileReference; explicitFileType = wrapper.application; includeInIndex = 0; path = SwiftExplorer.app; sourceTree = BUILT_PRODUCTS_DIR; };
		451CCC8E2A37F89C0067DAE4 /* SwiftExplorerApp.swift */ = {isa = PBXFileReference; lastKnownFileType = sourcecode.swift; path = SwiftExplorerApp.swift; sourceTree = "<group>"; };
		451CCC902A37F89C0067DAE4 /* SwiftExplorerDocument.swift */ = {isa = PBXFileReference; lastKnownFileType = sourcecode.swift; path = SwiftExplorerDocument.swift; sourceTree = "<group>"; };
		451CCC922A37F89C0067DAE4 /* ContentView.swift */ = {isa = PBXFileReference; lastKnownFileType = sourcecode.swift; path = ContentView.swift; sourceTree = "<group>"; };
		451CCC942A37F89C0067DAE4 /* Assets.xcassets */ = {isa = PBXFileReference; lastKnownFileType = folder.assetcatalog; path = Assets.xcassets; sourceTree = "<group>"; };
		451CCC962A37F89C0067DAE4 /* Info.plist */ = {isa = PBXFileReference; lastKnownFileType = text.plist.xml; path = Info.plist; sourceTree = "<group>"; };
		451CCC972A37F89C0067DAE4 /* SwiftExplorer.entitlements */ = {isa = PBXFileReference; lastKnownFileType = text.plist.entitlements; path = SwiftExplorer.entitlements; sourceTree = "<group>"; };
		451CCC992A37F89D0067DAE4 /* Preview Assets.xcassets */ = {isa = PBXFileReference; lastKnownFileType = folder.assetcatalog; path = "Preview Assets.xcassets"; sourceTree = "<group>"; };
		451CCCAA2A3803350067DAE4 /* SwiftSyntaxSupport */ = {isa = PBXFileReference; lastKnownFileType = wrapper; path = SwiftSyntaxSupport; sourceTree = "<group>"; };
		451CCCAD2A3816FC0067DAE4 /* SwiftExplorerMacros */ = {isa = PBXFileReference; lastKnownFileType = wrapper; path = SwiftExplorerMacros; sourceTree = "<group>"; };
		45BAF7562A389CDB00898FAE /* Support.swift */ = {isa = PBXFileReference; lastKnownFileType = sourcecode.swift; path = Support.swift; sourceTree = "<group>"; };
		45BAF7582A389CE800898FAE /* SwiftSyntax+Support.swift */ = {isa = PBXFileReference; lastKnownFileType = sourcecode.swift; path = "SwiftSyntax+Support.swift"; sourceTree = "<group>"; };
/* End PBXFileReference section */

/* Begin PBXFrameworksBuildPhase section */
		451CCC882A37F89B0067DAE4 /* Frameworks */ = {
			isa = PBXFrameworksBuildPhase;
			buildActionMask = 2147483647;
			files = (
				451CCCAC2A3803480067DAE4 /* SwiftSyntaxSupport in Frameworks */,
				451CCCA82A3802F90067DAE4 /* SwiftSyntax in Frameworks */,
				451CCCAF2A3817170067DAE4 /* SwiftExplorerMacros in Frameworks */,
				45BAF75C2A389D9500898FAE /* Everything in Frameworks */,
				451CCCA62A3802F90067DAE4 /* SwiftParser in Frameworks */,
			);
			runOnlyForDeploymentPostprocessing = 0;
		};
/* End PBXFrameworksBuildPhase section */

/* Begin PBXGroup section */
		451CCC822A37F89B0067DAE4 = {
			isa = PBXGroup;
			children = (
				451CCCA92A3803350067DAE4 /* Packages */,
				451CCC8D2A37F89B0067DAE4 /* SwiftExplorer */,
				451CCC8C2A37F89B0067DAE4 /* Products */,
				451CCCA12A3802AB0067DAE4 /* Frameworks */,
			);
			sourceTree = "<group>";
		};
		451CCC8C2A37F89B0067DAE4 /* Products */ = {
			isa = PBXGroup;
			children = (
				451CCC8B2A37F89B0067DAE4 /* SwiftExplorer.app */,
			);
			name = Products;
			sourceTree = "<group>";
		};
		451CCC8D2A37F89B0067DAE4 /* SwiftExplorer */ = {
			isa = PBXGroup;
			children = (
				451CCC8E2A37F89C0067DAE4 /* SwiftExplorerApp.swift */,
				451CCC902A37F89C0067DAE4 /* SwiftExplorerDocument.swift */,
				451CCC922A37F89C0067DAE4 /* ContentView.swift */,
				45BAF7562A389CDB00898FAE /* Support.swift */,
				45BAF7582A389CE800898FAE /* SwiftSyntax+Support.swift */,
				451CCC942A37F89C0067DAE4 /* Assets.xcassets */,
				451CCC962A37F89C0067DAE4 /* Info.plist */,
				451CCC972A37F89C0067DAE4 /* SwiftExplorer.entitlements */,
				451CCC982A37F89D0067DAE4 /* Preview Content */,
			);
			path = SwiftExplorer;
			sourceTree = "<group>";
		};
		451CCC982A37F89D0067DAE4 /* Preview Content */ = {
			isa = PBXGroup;
			children = (
				451CCC992A37F89D0067DAE4 /* Preview Assets.xcassets */,
			);
			path = "Preview Content";
			sourceTree = "<group>";
		};
		451CCCA12A3802AB0067DAE4 /* Frameworks */ = {
			isa = PBXGroup;
			children = (
			);
			name = Frameworks;
			sourceTree = "<group>";
		};
		451CCCA92A3803350067DAE4 /* Packages */ = {
			isa = PBXGroup;
			children = (
				451CCCAD2A3816FC0067DAE4 /* SwiftExplorerMacros */,
				451CCCAA2A3803350067DAE4 /* SwiftSyntaxSupport */,
			);
			path = Packages;
			sourceTree = "<group>";
		};
/* End PBXGroup section */

/* Begin PBXNativeTarget section */
		451CCC8A2A37F89B0067DAE4 /* SwiftExplorer */ = {
			isa = PBXNativeTarget;
			buildConfigurationList = 451CCC9D2A37F89D0067DAE4 /* Build configuration list for PBXNativeTarget "SwiftExplorer" */;
			buildPhases = (
				451CCC872A37F89B0067DAE4 /* Sources */,
				451CCC882A37F89B0067DAE4 /* Frameworks */,
				451CCC892A37F89B0067DAE4 /* Resources */,
			);
			buildRules = (
			);
			dependencies = (
			);
			name = SwiftExplorer;
			packageProductDependencies = (
				451CCCA52A3802F90067DAE4 /* SwiftParser */,
				451CCCA72A3802F90067DAE4 /* SwiftSyntax */,
				451CCCAB2A3803480067DAE4 /* SwiftSyntaxSupport */,
				451CCCAE2A3817170067DAE4 /* SwiftExplorerMacros */,
				45BAF75B2A389D9500898FAE /* Everything */,
			);
			productName = SwiftExplorer;
			productReference = 451CCC8B2A37F89B0067DAE4 /* SwiftExplorer.app */;
			productType = "com.apple.product-type.application";
		};
/* End PBXNativeTarget section */

/* Begin PBXProject section */
		451CCC832A37F89B0067DAE4 /* Project object */ = {
			isa = PBXProject;
			attributes = {
				BuildIndependentTargetsInParallel = 1;
				LastSwiftUpdateCheck = 1500;
				LastUpgradeCheck = 1500;
				TargetAttributes = {
					451CCC8A2A37F89B0067DAE4 = {
						CreatedOnToolsVersion = 15.0;
					};
				};
			};
			buildConfigurationList = 451CCC862A37F89B0067DAE4 /* Build configuration list for PBXProject "SwiftExplorer" */;
			compatibilityVersion = "Xcode 14.0";
			developmentRegion = en;
			hasScannedForEncodings = 0;
			knownRegions = (
				en,
				Base,
			);
			mainGroup = 451CCC822A37F89B0067DAE4;
			packageReferences = (
				451CCCA42A3802F90067DAE4 /* XCRemoteSwiftPackageReference "swift-syntax" */,
				45BAF75A2A389D9500898FAE /* XCRemoteSwiftPackageReference "Everything" */,
			);
			productRefGroup = 451CCC8C2A37F89B0067DAE4 /* Products */;
			projectDirPath = "";
			projectRoot = "";
			targets = (
				451CCC8A2A37F89B0067DAE4 /* SwiftExplorer */,
			);
		};
/* End PBXProject section */

/* Begin PBXResourcesBuildPhase section */
		451CCC892A37F89B0067DAE4 /* Resources */ = {
			isa = PBXResourcesBuildPhase;
			buildActionMask = 2147483647;
			files = (
				451CCC9A2A37F89D0067DAE4 /* Preview Assets.xcassets in Resources */,
				451CCC952A37F89C0067DAE4 /* Assets.xcassets in Resources */,
			);
			runOnlyForDeploymentPostprocessing = 0;
		};
/* End PBXResourcesBuildPhase section */

/* Begin PBXSourcesBuildPhase section */
		451CCC872A37F89B0067DAE4 /* Sources */ = {
			isa = PBXSourcesBuildPhase;
			buildActionMask = 2147483647;
			files = (
				451CCC8F2A37F89C0067DAE4 /* SwiftExplorerApp.swift in Sources */,
				45BAF7572A389CDB00898FAE /* Support.swift in Sources */,
				45BAF7592A389CE800898FAE /* SwiftSyntax+Support.swift in Sources */,
				451CCC912A37F89C0067DAE4 /* SwiftExplorerDocument.swift in Sources */,
				451CCC932A37F89C0067DAE4 /* ContentView.swift in Sources */,
			);
			runOnlyForDeploymentPostprocessing = 0;
		};
/* End PBXSourcesBuildPhase section */

/* Begin XCBuildConfiguration section */
		451CCC9B2A37F89D0067DAE4 /* Debug */ = {
			isa = XCBuildConfiguration;
			buildSettings = {
				ALWAYS_SEARCH_USER_PATHS = NO;
				ASSETCATALOG_COMPILER_GENERATE_SWIFT_ASSET_SYMBOL_EXTENSIONS = YES;
				CLANG_ANALYZER_NONNULL = YES;
				CLANG_ANALYZER_NUMBER_OBJECT_CONVERSION = YES_AGGRESSIVE;
				CLANG_CXX_LANGUAGE_STANDARD = "gnu++20";
				CLANG_ENABLE_MODULES = YES;
				CLANG_ENABLE_OBJC_ARC = YES;
				CLANG_ENABLE_OBJC_WEAK = YES;
				CLANG_WARN_BLOCK_CAPTURE_AUTORELEASING = YES;
				CLANG_WARN_BOOL_CONVERSION = YES;
				CLANG_WARN_COMMA = YES;
				CLANG_WARN_CONSTANT_CONVERSION = YES;
				CLANG_WARN_DEPRECATED_OBJC_IMPLEMENTATIONS = YES;
				CLANG_WARN_DIRECT_OBJC_ISA_USAGE = YES_ERROR;
				CLANG_WARN_DOCUMENTATION_COMMENTS = YES;
				CLANG_WARN_EMPTY_BODY = YES;
				CLANG_WARN_ENUM_CONVERSION = YES;
				CLANG_WARN_INFINITE_RECURSION = YES;
				CLANG_WARN_INT_CONVERSION = YES;
				CLANG_WARN_NON_LITERAL_NULL_CONVERSION = YES;
				CLANG_WARN_OBJC_IMPLICIT_RETAIN_SELF = YES;
				CLANG_WARN_OBJC_LITERAL_CONVERSION = YES;
				CLANG_WARN_OBJC_ROOT_CLASS = YES_ERROR;
				CLANG_WARN_QUOTED_INCLUDE_IN_FRAMEWORK_HEADER = YES;
				CLANG_WARN_RANGE_LOOP_ANALYSIS = YES;
				CLANG_WARN_STRICT_PROTOTYPES = YES;
				CLANG_WARN_SUSPICIOUS_MOVE = YES;
				CLANG_WARN_UNGUARDED_AVAILABILITY = YES_AGGRESSIVE;
				CLANG_WARN_UNREACHABLE_CODE = YES;
				CLANG_WARN__DUPLICATE_METHOD_MATCH = YES;
				COPY_PHASE_STRIP = NO;
				DEBUG_INFORMATION_FORMAT = dwarf;
				ENABLE_STRICT_OBJC_MSGSEND = YES;
				ENABLE_TESTABILITY = YES;
				ENABLE_USER_SCRIPT_SANDBOXING = YES;
				GCC_C_LANGUAGE_STANDARD = gnu17;
				GCC_DYNAMIC_NO_PIC = NO;
				GCC_NO_COMMON_BLOCKS = YES;
				GCC_OPTIMIZATION_LEVEL = 0;
				GCC_PREPROCESSOR_DEFINITIONS = (
					"DEBUG=1",
					"$(inherited)",
				);
				GCC_WARN_64_TO_32_BIT_CONVERSION = YES;
				GCC_WARN_ABOUT_RETURN_TYPE = YES_ERROR;
				GCC_WARN_UNDECLARED_SELECTOR = YES;
				GCC_WARN_UNINITIALIZED_AUTOS = YES_AGGRESSIVE;
				GCC_WARN_UNUSED_FUNCTION = YES;
				GCC_WARN_UNUSED_VARIABLE = YES;
				LOCALIZATION_PREFERS_STRING_CATALOGS = YES;
				MTL_ENABLE_DEBUG_INFO = INCLUDE_SOURCE;
				MTL_FAST_MATH = YES;
				ONLY_ACTIVE_ARCH = YES;
				SWIFT_ACTIVE_COMPILATION_CONDITIONS = "DEBUG $(inherited)";
				SWIFT_OPTIMIZATION_LEVEL = "-Onone";
			};
			name = Debug;
		};
		451CCC9C2A37F89D0067DAE4 /* Release */ = {
			isa = XCBuildConfiguration;
			buildSettings = {
				ALWAYS_SEARCH_USER_PATHS = NO;
				ASSETCATALOG_COMPILER_GENERATE_SWIFT_ASSET_SYMBOL_EXTENSIONS = YES;
				CLANG_ANALYZER_NONNULL = YES;
				CLANG_ANALYZER_NUMBER_OBJECT_CONVERSION = YES_AGGRESSIVE;
				CLANG_CXX_LANGUAGE_STANDARD = "gnu++20";
				CLANG_ENABLE_MODULES = YES;
				CLANG_ENABLE_OBJC_ARC = YES;
				CLANG_ENABLE_OBJC_WEAK = YES;
				CLANG_WARN_BLOCK_CAPTURE_AUTORELEASING = YES;
				CLANG_WARN_BOOL_CONVERSION = YES;
				CLANG_WARN_COMMA = YES;
				CLANG_WARN_CONSTANT_CONVERSION = YES;
				CLANG_WARN_DEPRECATED_OBJC_IMPLEMENTATIONS = YES;
				CLANG_WARN_DIRECT_OBJC_ISA_USAGE = YES_ERROR;
				CLANG_WARN_DOCUMENTATION_COMMENTS = YES;
				CLANG_WARN_EMPTY_BODY = YES;
				CLANG_WARN_ENUM_CONVERSION = YES;
				CLANG_WARN_INFINITE_RECURSION = YES;
				CLANG_WARN_INT_CONVERSION = YES;
				CLANG_WARN_NON_LITERAL_NULL_CONVERSION = YES;
				CLANG_WARN_OBJC_IMPLICIT_RETAIN_SELF = YES;
				CLANG_WARN_OBJC_LITERAL_CONVERSION = YES;
				CLANG_WARN_OBJC_ROOT_CLASS = YES_ERROR;
				CLANG_WARN_QUOTED_INCLUDE_IN_FRAMEWORK_HEADER = YES;
				CLANG_WARN_RANGE_LOOP_ANALYSIS = YES;
				CLANG_WARN_STRICT_PROTOTYPES = YES;
				CLANG_WARN_SUSPICIOUS_MOVE = YES;
				CLANG_WARN_UNGUARDED_AVAILABILITY = YES_AGGRESSIVE;
				CLANG_WARN_UNREACHABLE_CODE = YES;
				CLANG_WARN__DUPLICATE_METHOD_MATCH = YES;
				COPY_PHASE_STRIP = NO;
				DEBUG_INFORMATION_FORMAT = "dwarf-with-dsym";
				ENABLE_NS_ASSERTIONS = NO;
				ENABLE_STRICT_OBJC_MSGSEND = YES;
				ENABLE_USER_SCRIPT_SANDBOXING = YES;
				GCC_C_LANGUAGE_STANDARD = gnu17;
				GCC_NO_COMMON_BLOCKS = YES;
				GCC_WARN_64_TO_32_BIT_CONVERSION = YES;
				GCC_WARN_ABOUT_RETURN_TYPE = YES_ERROR;
				GCC_WARN_UNDECLARED_SELECTOR = YES;
				GCC_WARN_UNINITIALIZED_AUTOS = YES_AGGRESSIVE;
				GCC_WARN_UNUSED_FUNCTION = YES;
				GCC_WARN_UNUSED_VARIABLE = YES;
				LOCALIZATION_PREFERS_STRING_CATALOGS = YES;
				MTL_ENABLE_DEBUG_INFO = NO;
				MTL_FAST_MATH = YES;
				SWIFT_COMPILATION_MODE = wholemodule;
			};
			name = Release;
		};
		451CCC9E2A37F89D0067DAE4 /* Debug */ = {
			isa = XCBuildConfiguration;
			buildSettings = {
				ASSETCATALOG_COMPILER_APPICON_NAME = AppIcon;
				ASSETCATALOG_COMPILER_GLOBAL_ACCENT_COLOR_NAME = AccentColor;
				CODE_SIGN_ENTITLEMENTS = SwiftExplorer/SwiftExplorer.entitlements;
				CODE_SIGN_STYLE = Automatic;
				CURRENT_PROJECT_VERSION = 1;
				DEVELOPMENT_ASSET_PATHS = "\"SwiftExplorer/Preview Content\"";
				DEVELOPMENT_TEAM = 6E23EP94PG;
				ENABLE_HARDENED_RUNTIME = YES;
				ENABLE_PREVIEWS = YES;
				GENERATE_INFOPLIST_FILE = YES;
				INFOPLIST_FILE = SwiftExplorer/Info.plist;
				"INFOPLIST_KEY_UIApplicationSceneManifest_Generation[sdk=iphoneos*]" = YES;
				"INFOPLIST_KEY_UIApplicationSceneManifest_Generation[sdk=iphonesimulator*]" = YES;
				"INFOPLIST_KEY_UIApplicationSupportsIndirectInputEvents[sdk=iphoneos*]" = YES;
				"INFOPLIST_KEY_UIApplicationSupportsIndirectInputEvents[sdk=iphonesimulator*]" = YES;
				"INFOPLIST_KEY_UILaunchScreen_Generation[sdk=iphoneos*]" = YES;
				"INFOPLIST_KEY_UILaunchScreen_Generation[sdk=iphonesimulator*]" = YES;
				"INFOPLIST_KEY_UIStatusBarStyle[sdk=iphoneos*]" = UIStatusBarStyleDefault;
				"INFOPLIST_KEY_UIStatusBarStyle[sdk=iphonesimulator*]" = UIStatusBarStyleDefault;
				INFOPLIST_KEY_UISupportedInterfaceOrientations_iPad = "UIInterfaceOrientationPortrait UIInterfaceOrientationPortraitUpsideDown UIInterfaceOrientationLandscapeLeft UIInterfaceOrientationLandscapeRight";
				INFOPLIST_KEY_UISupportedInterfaceOrientations_iPhone = "UIInterfaceOrientationPortrait UIInterfaceOrientationLandscapeLeft UIInterfaceOrientationLandscapeRight";
				"INFOPLIST_KEY_UISupportsDocumentBrowser[sdk=iphoneos*]" = YES;
				"INFOPLIST_KEY_UISupportsDocumentBrowser[sdk=iphonesimulator*]" = YES;
				IPHONEOS_DEPLOYMENT_TARGET = 17.0;
				LD_RUNPATH_SEARCH_PATHS = "@executable_path/Frameworks";
				"LD_RUNPATH_SEARCH_PATHS[sdk=macosx*]" = "@executable_path/../Frameworks";
				MACOSX_DEPLOYMENT_TARGET = 14.0;
				MARKETING_VERSION = 1.0;
				PRODUCT_BUNDLE_IDENTIFIER = io.schwa.SwiftExplorer;
				PRODUCT_NAME = "$(TARGET_NAME)";
				SDKROOT = auto;
				SUPPORTED_PLATFORMS = "iphoneos iphonesimulator macosx";
				SWIFT_EMIT_LOC_STRINGS = YES;
				SWIFT_VERSION = 5.0;
				TARGETED_DEVICE_FAMILY = "1,2";
			};
			name = Debug;
		};
		451CCC9F2A37F89D0067DAE4 /* Release */ = {
			isa = XCBuildConfiguration;
			buildSettings = {
				ASSETCATALOG_COMPILER_APPICON_NAME = AppIcon;
				ASSETCATALOG_COMPILER_GLOBAL_ACCENT_COLOR_NAME = AccentColor;
				CODE_SIGN_ENTITLEMENTS = SwiftExplorer/SwiftExplorer.entitlements;
				CODE_SIGN_STYLE = Automatic;
				CURRENT_PROJECT_VERSION = 1;
				DEVELOPMENT_ASSET_PATHS = "\"SwiftExplorer/Preview Content\"";
				DEVELOPMENT_TEAM = 6E23EP94PG;
				ENABLE_HARDENED_RUNTIME = YES;
				ENABLE_PREVIEWS = YES;
				GENERATE_INFOPLIST_FILE = YES;
				INFOPLIST_FILE = SwiftExplorer/Info.plist;
				"INFOPLIST_KEY_UIApplicationSceneManifest_Generation[sdk=iphoneos*]" = YES;
				"INFOPLIST_KEY_UIApplicationSceneManifest_Generation[sdk=iphonesimulator*]" = YES;
				"INFOPLIST_KEY_UIApplicationSupportsIndirectInputEvents[sdk=iphoneos*]" = YES;
				"INFOPLIST_KEY_UIApplicationSupportsIndirectInputEvents[sdk=iphonesimulator*]" = YES;
				"INFOPLIST_KEY_UILaunchScreen_Generation[sdk=iphoneos*]" = YES;
				"INFOPLIST_KEY_UILaunchScreen_Generation[sdk=iphonesimulator*]" = YES;
				"INFOPLIST_KEY_UIStatusBarStyle[sdk=iphoneos*]" = UIStatusBarStyleDefault;
				"INFOPLIST_KEY_UIStatusBarStyle[sdk=iphonesimulator*]" = UIStatusBarStyleDefault;
				INFOPLIST_KEY_UISupportedInterfaceOrientations_iPad = "UIInterfaceOrientationPortrait UIInterfaceOrientationPortraitUpsideDown UIInterfaceOrientationLandscapeLeft UIInterfaceOrientationLandscapeRight";
				INFOPLIST_KEY_UISupportedInterfaceOrientations_iPhone = "UIInterfaceOrientationPortrait UIInterfaceOrientationLandscapeLeft UIInterfaceOrientationLandscapeRight";
				"INFOPLIST_KEY_UISupportsDocumentBrowser[sdk=iphoneos*]" = YES;
				"INFOPLIST_KEY_UISupportsDocumentBrowser[sdk=iphonesimulator*]" = YES;
				IPHONEOS_DEPLOYMENT_TARGET = 17.0;
				LD_RUNPATH_SEARCH_PATHS = "@executable_path/Frameworks";
				"LD_RUNPATH_SEARCH_PATHS[sdk=macosx*]" = "@executable_path/../Frameworks";
				MACOSX_DEPLOYMENT_TARGET = 14.0;
				MARKETING_VERSION = 1.0;
				PRODUCT_BUNDLE_IDENTIFIER = io.schwa.SwiftExplorer;
				PRODUCT_NAME = "$(TARGET_NAME)";
				SDKROOT = auto;
				SUPPORTED_PLATFORMS = "iphoneos iphonesimulator macosx";
				SWIFT_EMIT_LOC_STRINGS = YES;
				SWIFT_VERSION = 5.0;
				TARGETED_DEVICE_FAMILY = "1,2";
			};
			name = Release;
		};
/* End XCBuildConfiguration section */

/* Begin XCConfigurationList section */
		451CCC862A37F89B0067DAE4 /* Build configuration list for PBXProject "SwiftExplorer" */ = {
			isa = XCConfigurationList;
			buildConfigurations = (
				451CCC9B2A37F89D0067DAE4 /* Debug */,
				451CCC9C2A37F89D0067DAE4 /* Release */,
			);
			defaultConfigurationIsVisible = 0;
			defaultConfigurationName = Release;
		};
		451CCC9D2A37F89D0067DAE4 /* Build configuration list for PBXNativeTarget "SwiftExplorer" */ = {
			isa = XCConfigurationList;
			buildConfigurations = (
				451CCC9E2A37F89D0067DAE4 /* Debug */,
				451CCC9F2A37F89D0067DAE4 /* Release */,
			);
			defaultConfigurationIsVisible = 0;
			defaultConfigurationName = Release;
		};
/* End XCConfigurationList section */

/* Begin XCRemoteSwiftPackageReference section */
		451CCCA42A3802F90067DAE4 /* XCRemoteSwiftPackageReference "swift-syntax" */ = {
			isa = XCRemoteSwiftPackageReference;
			repositoryURL = "https://github.com/apple/swift-syntax";
			requirement = {
				branch = main;
				kind = branch;
			};
		};
		45BAF75A2A389D9500898FAE /* XCRemoteSwiftPackageReference "Everything" */ = {
			isa = XCRemoteSwiftPackageReference;
			repositoryURL = "https://github.com/schwa/Everything";
			requirement = {
				kind = upToNextMajorVersion;
				minimumVersion = 0.1.1;
			};
		};
/* End XCRemoteSwiftPackageReference section */

/* Begin XCSwiftPackageProductDependency section */
		451CCCA52A3802F90067DAE4 /* SwiftParser */ = {
			isa = XCSwiftPackageProductDependency;
			package = 451CCCA42A3802F90067DAE4 /* XCRemoteSwiftPackageReference "swift-syntax" */;
			productName = SwiftParser;
		};
		451CCCA72A3802F90067DAE4 /* SwiftSyntax */ = {
			isa = XCSwiftPackageProductDependency;
			package = 451CCCA42A3802F90067DAE4 /* XCRemoteSwiftPackageReference "swift-syntax" */;
			productName = SwiftSyntax;
		};
		451CCCAB2A3803480067DAE4 /* SwiftSyntaxSupport */ = {
			isa = XCSwiftPackageProductDependency;
			productName = SwiftSyntaxSupport;
		};
		451CCCAE2A3817170067DAE4 /* SwiftExplorerMacros */ = {
			isa = XCSwiftPackageProductDependency;
			productName = SwiftExplorerMacros;
		};
		45BAF75B2A389D9500898FAE /* Everything */ = {
			isa = XCSwiftPackageProductDependency;
			package = 45BAF75A2A389D9500898FAE /* XCRemoteSwiftPackageReference "Everything" */;
			productName = Everything;
		};
/* End XCSwiftPackageProductDependency section */
	};
	rootObject = 451CCC832A37F89B0067DAE4 /* Project object */;
}
